
Microsoft Visual Studio Solution File, Format Version 12.00
# Visual Studio Version 17
VisualStudioVersion = 17.11.35208.52
MinimumVisualStudioVersion = 10.0.40219.1
Project("{FAE04EC0-301F-11D3-BF4B-00C04F79EFBC}") = "CleanCode", "CleanCode\CleanCode.csproj", "{AFF8F65B-9C4B-4C12-AAC8-1F2B9D7505E3}"
EndProject
Project("{FAE04EC0-301F-11D3-BF4B-00C04F79EFBC}") = "HotelTask", "HotelTask\HotelTask.csproj", "{E7F5600C-BA99-4319-AC91-014B8F438A7A}"
EndProject
Project("{FAE04EC0-301F-11D3-BF4B-00C04F79EFBC}") = "PersonalAssistent", "PersonalAssistent\PersonalAssistent.csproj", "{8375D3E9-522E-416C-A25D-777DDCBC6543}"
EndProject
Global
	GlobalSection(SolutionConfigurationPlatforms) = preSolution
		Debug|Any CPU = Debug|Any CPU
		Release|Any CPU = Release|Any CPU
	EndGlobalSection
	GlobalSection(ProjectConfigurationPlatforms) = postSolution
		{AFF8F65B-9C4B-4C12-AAC8-1F2B9D7505E3}.Debug|Any CPU.ActiveCfg = Debug|Any CPU
		{AFF8F65B-9C4B-4C12-AAC8-1F2B9D7505E3}.Debug|Any CPU.Build.0 = Debug|Any CPU
		{AFF8F65B-9C4B-4C12-AAC8-1F2B9D7505E3}.Release|Any CPU.ActiveCfg = Release|Any CPU
		{AFF8F65B-9C4B-4C12-AAC8-1F2B9D7505E3}.Release|Any CPU.Build.0 = Release|Any CPU
		{E7F5600C-BA99-4319-AC91-014B8F438A7A}.Debug|Any CPU.ActiveCfg = Debug|Any CPU
		{E7F5600C-BA99-4319-AC91-014B8F438A7A}.Debug|Any CPU.Build.0 = Debug|Any CPU
		{E7F5600C-BA99-4319-AC91-014B8F438A7A}.Release|Any CPU.ActiveCfg = Release|Any CPU
		{E7F5600C-BA99-4319-AC91-014B8F438A7A}.Release|Any CPU.Build.0 = Release|Any CPU
		{8375D3E9-522E-416C-A25D-777DDCBC6543}.Debug|Any CPU.ActiveCfg = Debug|Any CPU
		{8375D3E9-522E-416C-A25D-777DDCBC6543}.Debug|Any CPU.Build.0 = Debug|Any CPU
		{8375D3E9-522E-416C-A25D-777DDCBC6543}.Release|Any CPU.ActiveCfg = Release|Any CPU
		{8375D3E9-522E-416C-A25D-777DDCBC6543}.Release|Any CPU.Build.0 = Release|Any CPU
	EndGlobalSection
	GlobalSection(SolutionProperties) = preSolution
		HideSolutionNode = FALSE
	EndGlobalSection
	GlobalSection(ExtensibilityGlobals) = postSolution
		SolutionGuid = {C1DC0A82-9978-48C3-906E-805A8FE87745}
	EndGlobalSection
EndGlobal
